
Microsoft Visual Studio Solution File, Format Version 12.00
# Visual Studio Version 16
VisualStudioVersion = 16.0.30907.101
MinimumVisualStudioVersion = 10.0.40219.1
Project("{FAE04EC0-301F-11D3-BF4B-00C04F79EFBC}") = "NewNpc2", "NewNpc2\NewNpc2.csproj", "{79E00226-0796-40A2-8FF7-E29B27DB5D84}"
EndProject
Global
	GlobalSection(SolutionConfigurationPlatforms) = preSolution
		Debug|Any CPU = Debug|Any CPU
		Release|Any CPU = Release|Any CPU
	EndGlobalSection
	GlobalSection(ProjectConfigurationPlatforms) = postSolution
		{79E00226-0796-40A2-8FF7-E29B27DB5D84}.Debug|Any CPU.ActiveCfg = Debug|Any CPU
		{79E00226-0796-40A2-8FF7-E29B27DB5D84}.Debug|Any CPU.Build.0 = Debug|Any CPU
		{79E00226-0796-40A2-8FF7-E29B27DB5D84}.Release|Any CPU.ActiveCfg = Release|Any CPU
		{79E00226-0796-40A2-8FF7-E29B27DB5D84}.Release|Any CPU.Build.0 = Release|Any CPU
	EndGlobalSection
	GlobalSection(SolutionProperties) = preSolution
		HideSolutionNode = FALSE
	EndGlobalSection
	GlobalSection(ExtensibilityGlobals) = postSolution
		SolutionGuid = {A45C5DED-5343-4325-937D-AF0C3C1C3BBD}
	EndGlobalSection
EndGlobal
